Microsoft Visual Studio Solution File, Format Version 11.00
# Visual Studio 2008

Project("{6565ECD1-FFEF-93CF-BABD-0C866EDF328D}") = "PenSprite002", "Assembly-CSharp.csproj", "{93FB76A4-1D10-B19B-9318-0F74202DD3FC}"
EndProject
Project("{6565ECD1-FFEF-93CF-BABD-0C866EDF328D}") = "PenSprite002", "Assembly-CSharp-Editor.csproj", "{10A0DB90-C558-D4DC-540D-402600FABC9D}"
EndProject
Project("{6565ECD1-FFEF-93CF-BABD-0C866EDF328D}") = "PenSprite002", "Assembly-UnityScript.unityproj", "{34BD8E38-B010-2E56-D3DA-D8D5AA2EAF95}"
EndProject
Global
	GlobalSection(SolutionConfigurationPlatforms) = preSolution
		Debug|Any CPU = Debug|Any CPU
		Release|Any CPU = Release|Any CPU
	EndGlobalSection
	GlobalSection(ProjectConfigurationPlatforms) = postSolution
		{93FB76A4-1D10-B19B-9318-0F74202DD3FC}.Debug|Any CPU.ActiveCfg = Debug|Any CPU
		{93FB76A4-1D10-B19B-9318-0F74202DD3FC}.Debug|Any CPU.Build.0 = Debug|Any CPU
		{93FB76A4-1D10-B19B-9318-0F74202DD3FC}.Release|Any CPU.ActiveCfg = Release|Any CPU
		{93FB76A4-1D10-B19B-9318-0F74202DD3FC}.Release|Any CPU.Build.0 = Release|Any CPU
		{10A0DB90-C558-D4DC-540D-402600FABC9D}.Debug|Any CPU.ActiveCfg = Debug|Any CPU
		{10A0DB90-C558-D4DC-540D-402600FABC9D}.Debug|Any CPU.Build.0 = Debug|Any CPU
		{10A0DB90-C558-D4DC-540D-402600FABC9D}.Release|Any CPU.ActiveCfg = Release|Any CPU
		{10A0DB90-C558-D4DC-540D-402600FABC9D}.Release|Any CPU.Build.0 = Release|Any CPU
		{34BD8E38-B010-2E56-D3DA-D8D5AA2EAF95}.Debug|Any CPU.ActiveCfg = Debug|Any CPU
		{34BD8E38-B010-2E56-D3DA-D8D5AA2EAF95}.Debug|Any CPU.Build.0 = Debug|Any CPU
		{34BD8E38-B010-2E56-D3DA-D8D5AA2EAF95}.Release|Any CPU.ActiveCfg = Release|Any CPU
		{34BD8E38-B010-2E56-D3DA-D8D5AA2EAF95}.Release|Any CPU.Build.0 = Release|Any CPU
	EndGlobalSection
	GlobalSection(SolutionProperties) = preSolution
		HideSolutionNode = FALSE
	EndGlobalSection
												GlobalSection(MonoDevelopProperties) = preSolution
		StartupItem = Assembly-CSharp.csproj
		Policies = $0
		$0.TextStylePolicy = $1
		$1.inheritsSet = null
		$1.scope = text/x-csharp
		$0.CSharpFormattingPolicy = $2
		$2.inheritsSet = Mono
		$2.inheritsScope = text/x-csharp
		$2.scope = text/x-csharp
		$0.TextStylePolicy = $3
		$3.FileWidth = 120
		$3.TabWidth = 4
		$3.IndentWidth = 4
		$3.EolMarker = Unix
		$3.inheritsSet = Mono
		$3.inheritsScope = text/plain
		$3.scope = text/plain
	EndGlobalSection

EndGlobal
