
Microsoft Visual Studio Solution File, Format Version 12.00
# Visual Studio 2015
Project("{FAE04EC0-301F-11D3-BF4B-00C04F79EFBC}") = "UnityVS.PenSprite004.CSharp", "UnityVS.PenSprite004.CSharp.csproj", "{03CA9D50-8EA1-6169-9682-96E1F8085738}"
EndProject
Project("{FAE04EC0-301F-11D3-BF4B-00C04F79EFBC}") = "UnityVS.PenSprite004.CSharp.Editor", "UnityVS.PenSprite004.CSharp.Editor.csproj", "{EE7B9448-7206-3336-46D8-3CCD083354A4}"
EndProject
Global
	GlobalSection(SolutionConfigurationPlatforms) = preSolution
		Debug|Any CPU = Debug|Any CPU
		Release|Any CPU = Release|Any CPU
	EndGlobalSection
	GlobalSection(ProjectConfigurationPlatforms) = postSolution
		{03CA9D50-8EA1-6169-9682-96E1F8085738}.Debug|Any CPU.ActiveCfg = Debug|Any CPU
		{03CA9D50-8EA1-6169-9682-96E1F8085738}.Debug|Any CPU.Build.0 = Debug|Any CPU
		{03CA9D50-8EA1-6169-9682-96E1F8085738}.Release|Any CPU.ActiveCfg = Release|Any CPU
		{03CA9D50-8EA1-6169-9682-96E1F8085738}.Release|Any CPU.Build.0 = Release|Any CPU
		{EE7B9448-7206-3336-46D8-3CCD083354A4}.Debug|Any CPU.ActiveCfg = Debug|Any CPU
		{EE7B9448-7206-3336-46D8-3CCD083354A4}.Debug|Any CPU.Build.0 = Debug|Any CPU
		{EE7B9448-7206-3336-46D8-3CCD083354A4}.Release|Any CPU.ActiveCfg = Release|Any CPU
		{EE7B9448-7206-3336-46D8-3CCD083354A4}.Release|Any CPU.Build.0 = Release|Any CPU
	EndGlobalSection
	GlobalSection(SolutionProperties) = preSolution
		HideSolutionNode = FALSE
	EndGlobalSection
EndGlobal
