
Microsoft Visual Studio Solution File, Format Version 12.00
# Visual Studio 2013
Project("{FAE04EC0-301F-11D3-BF4B-00C04F79EFBC}") = "UnityVS.PenSprite003.CSharp", "UnityVS.PenSprite003.CSharp.csproj", "{4C1D967B-FFBF-8C1F-5D63-8732B3FE4AE8}"
EndProject
Project("{FAE04EC0-301F-11D3-BF4B-00C04F79EFBC}") = "UnityVS.PenSprite003.CSharp.Editor", "UnityVS.PenSprite003.CSharp.Editor.csproj", "{7202591F-A736-6BAE-F114-A16CA1B6CC79}"
EndProject
Global
	GlobalSection(SolutionConfigurationPlatforms) = preSolution
		Debug|Any CPU = Debug|Any CPU
		Release|Any CPU = Release|Any CPU
	EndGlobalSection
	GlobalSection(ProjectConfigurationPlatforms) = postSolution
		{4C1D967B-FFBF-8C1F-5D63-8732B3FE4AE8}.Debug|Any CPU.ActiveCfg = Debug|Any CPU
		{4C1D967B-FFBF-8C1F-5D63-8732B3FE4AE8}.Debug|Any CPU.Build.0 = Debug|Any CPU
		{4C1D967B-FFBF-8C1F-5D63-8732B3FE4AE8}.Release|Any CPU.ActiveCfg = Release|Any CPU
		{4C1D967B-FFBF-8C1F-5D63-8732B3FE4AE8}.Release|Any CPU.Build.0 = Release|Any CPU
		{7202591F-A736-6BAE-F114-A16CA1B6CC79}.Debug|Any CPU.ActiveCfg = Debug|Any CPU
		{7202591F-A736-6BAE-F114-A16CA1B6CC79}.Debug|Any CPU.Build.0 = Debug|Any CPU
		{7202591F-A736-6BAE-F114-A16CA1B6CC79}.Release|Any CPU.ActiveCfg = Release|Any CPU
		{7202591F-A736-6BAE-F114-A16CA1B6CC79}.Release|Any CPU.Build.0 = Release|Any CPU
	EndGlobalSection
	GlobalSection(SolutionProperties) = preSolution
		HideSolutionNode = FALSE
	EndGlobalSection
EndGlobal
